
Microsoft Visual Studio Solution File, Format Version 12.00
# Visual Studio Version 16
VisualStudioVersion = 16.0.30611.23
MinimumVisualStudioVersion = 10.0.40219.1
Project("{9A19103F-16F7-4668-BE54-9A1E7A4F7556}") = "MultiplayerAvatars", "MultiplayerAvatars\MultiplayerAvatars.csproj", "{E9E690B7-A8DB-46C4-B296-6BE80B8A3E4B}"
EndProject
Project("{FAE04EC0-301F-11D3-BF4B-00C04F79EFBC}") = "CollectDependencies", "BS-Plugin-BuildTools\CollectDependencies\CollectDependencies.csproj", "{5F33B310-DC8D-4C0D-877E-BAC3908DE10F}"
EndProject
Global
	GlobalSection(SolutionConfigurationPlatforms) = preSolution
		Debug|Any CPU = Debug|Any CPU
		Release|Any CPU = Release|Any CPU
	EndGlobalSection
	GlobalSection(ProjectConfigurationPlatforms) = postSolution
		{E9E690B7-A8DB-46C4-B296-6BE80B8A3E4B}.Debug|Any CPU.ActiveCfg = Debug|Any CPU
		{E9E690B7-A8DB-46C4-B296-6BE80B8A3E4B}.Debug|Any CPU.Build.0 = Debug|Any CPU
		{E9E690B7-A8DB-46C4-B296-6BE80B8A3E4B}.Release|Any CPU.ActiveCfg = Release|Any CPU
		{E9E690B7-A8DB-46C4-B296-6BE80B8A3E4B}.Release|Any CPU.Build.0 = Release|Any CPU
		{5F33B310-DC8D-4C0D-877E-BAC3908DE10F}.Debug|Any CPU.ActiveCfg = Debug|Any CPU
		{5F33B310-DC8D-4C0D-877E-BAC3908DE10F}.Release|Any CPU.ActiveCfg = Release|Any CPU
	EndGlobalSection
	GlobalSection(SolutionProperties) = preSolution
		HideSolutionNode = FALSE
	EndGlobalSection
	GlobalSection(ExtensibilityGlobals) = postSolution
		SolutionGuid = {F2982CE3-E483-4DCB-AC66-000FE57C70B4}
	EndGlobalSection
EndGlobal
